
Microsoft Visual Studio Solution File, Format Version 12.00
# Visual Studio Version 16
VisualStudioVersion = 16.0.32413.511
MinimumVisualStudioVersion = 10.0.40219.1
Project("{8BC9CEB8-8B4A-11D0-8D11-00A0C91BC942}") = "CpuTools", "CpuTools.vcxproj", "{4659E300-3CC3-43AB-BF47-0338935C84ED}"
EndProject
Global
	GlobalSection(SolutionConfigurationPlatforms) = preSolution
		Debug|x64 = Debug|x64
		Debug|x86 = Debug|x86
		Release|x64 = Release|x64
		Release|x86 = Release|x86
	EndGlobalSection
	GlobalSection(ProjectConfigurationPlatforms) = postSolution
		{4659E300-3CC3-43AB-BF47-0338935C84ED}.Debug|x64.ActiveCfg = Debug|x64
		{4659E300-3CC3-43AB-BF47-0338935C84ED}.Debug|x64.Build.0 = Debug|x64
		{4659E300-3CC3-43AB-BF47-0338935C84ED}.Debug|x86.ActiveCfg = Debug|Win32
		{4659E300-3CC3-43AB-BF47-0338935C84ED}.Debug|x86.Build.0 = Debug|Win32
		{4659E300-3CC3-43AB-BF47-0338935C84ED}.Release|x64.ActiveCfg = Release|x64
		{4659E300-3CC3-43AB-BF47-0338935C84ED}.Release|x64.Build.0 = Release|x64
		{4659E300-3CC3-43AB-BF47-0338935C84ED}.Release|x86.ActiveCfg = Release|Win32
		{4659E300-3CC3-43AB-BF47-0338935C84ED}.Release|x86.Build.0 = Release|Win32
	EndGlobalSection
	GlobalSection(SolutionProperties) = preSolution
		HideSolutionNode = FALSE
	EndGlobalSection
	GlobalSection(ExtensibilityGlobals) = postSolution
		SolutionGuid = {3DB9634F-85BF-4243-87CF-E41CE0F87AEF}
	EndGlobalSection
EndGlobal
